
Microsoft Visual Studio Solution File, Format Version 12.00
# Visual Studio 14
VisualStudioVersion = 14.0.23107.0
MinimumVisualStudioVersion = 10.0.40219.1
Project("{FAE04EC0-301F-11D3-BF4B-00C04F79EFBC}") = "volleyball_problem", "volleyball_problem\volleyball_problem.csproj", "{B1C7B7E2-7543-440E-B0E2-78965A6B12E7}"
EndProject
Global
	GlobalSection(SolutionConfigurationPlatforms) = preSolution
		Debug|Any CPU = Debug|Any CPU
		Release|Any CPU = Release|Any CPU
	EndGlobalSection
	GlobalSection(ProjectConfigurationPlatforms) = postSolution
		{B1C7B7E2-7543-440E-B0E2-78965A6B12E7}.Debug|Any CPU.ActiveCfg = Debug|Any CPU
		{B1C7B7E2-7543-440E-B0E2-78965A6B12E7}.Debug|Any CPU.Build.0 = Debug|Any CPU
		{B1C7B7E2-7543-440E-B0E2-78965A6B12E7}.Release|Any CPU.ActiveCfg = Release|Any CPU
		{B1C7B7E2-7543-440E-B0E2-78965A6B12E7}.Release|Any CPU.Build.0 = Release|Any CPU
	EndGlobalSection
	GlobalSection(SolutionProperties) = preSolution
		HideSolutionNode = FALSE
	EndGlobalSection
EndGlobal
